github.com/dlclark/regexp2 v1.4.0 h1:F1rxgk7p4uKjwIQxBs9oAXe5CqrXlCduYEJvrF4u93E=
github.com/dlclark/regexp2 v1.4.0/go.mod h1:2pZnwuY/m+8K6iRw6wQdMtk+rH5tNGR1i55kozfMjCc=
github.com/mattn/go-sqlite3 v1.14.32/go.mod h1:Uh1q+B4BYcTPb+yiD3kU8Ct7aC0hY9fxUwlHK0RXw+Y=
github.com/purescript-native/go-runtime v0.1.0/go.mod h1:Pl7TR9c9Al8GMlY/R2D7joWjlQuTiB9eBN2a9aXd6GQ=
github.com/purescript-native/go-runtime v0.1.2 h1:vxVmLXojzc6nkP29qMxHmEd6iwolF309yP/FskRY88Y=
github.com/purescript-native/go-runtime v0.1.2/go.mod h1:Pl7TR9c9Al8GMlY/R2D7joWjlQuTiB9eBN2a9aXd6GQ=
